
Microsoft Visual Studio Solution File, Format Version 12.00
# Visual Studio Version 16
VisualStudioVersion = 16.0.30204.135
MinimumVisualStudioVersion = 10.0.40219.1
Project("{9A19103F-16F7-4668-BE54-9A1E7A4F7556}") = "ILBLI.UCore.TestWeb", "ILBLI.UCore.TestWeb\ILBLI.UCore.TestWeb.csproj", "{95E53C3C-132D-4E35-83F8-6837B4B2B353}"
EndProject
Project("{2150E333-8FDC-42A3-9474-1A3956D46DE8}") = "Services", "Services", "{0248FF5E-140F-45D7-9AB1-A0748EB18DE5}"
EndProject
Project("{2150E333-8FDC-42A3-9474-1A3956D46DE8}") = "Servers", "Servers", "{26067AFA-C3A6-41AF-B0B3-9CDA13546898}"
EndProject
Project("{2150E333-8FDC-42A3-9474-1A3956D46DE8}") = "Unities", "Unities", "{72F8EC46-5331-4BEC-8518-2A9A47F2D15C}"
EndProject
Project("{2150E333-8FDC-42A3-9474-1A3956D46DE8}") = "Basics", "Basics", "{E9721180-B5D7-405E-8EE3-4BBFF3CBAF5F}"
EndProject
Project("{9A19103F-16F7-4668-BE54-9A1E7A4F7556}") = "ILBLI.UCore.ILogUnity", "Unities\Interfaces\ILBLI.UCore.ILogUnity\ILBLI.UCore.ILogUnity.csproj", "{E1BDA10C-B83D-42BD-B116-27E9FA0F6DDD}"
EndProject
Project("{2150E333-8FDC-42A3-9474-1A3956D46DE8}") = "Impls", "Impls", "{0C2309B1-E49A-4556-9617-0F10C9225A82}"
EndProject
Project("{2150E333-8FDC-42A3-9474-1A3956D46DE8}") = "Interfaces", "Interfaces", "{B6F24154-FA62-4419-A6E4-A2F55FCC7B1E}"
EndProject
Project("{9A19103F-16F7-4668-BE54-9A1E7A4F7556}") = "ILBLI.UCore.LogUnity", "Unities\Impls\ILBLI.UCore.LogUnity\ILBLI.UCore.LogUnity.csproj", "{A3A9B778-2E41-4EBD-8AB3-99F5A17F8581}"
EndProject
Project("{9A19103F-16F7-4668-BE54-9A1E7A4F7556}") = "ILBLI.UCore.IExceptionUnity", "Unities\Interfaces\ILBLI.UCore.IExceptionUnity\ILBLI.UCore.IExceptionUnity.csproj", "{91594223-3C4F-4F3A-B8FE-181D69534275}"
EndProject
Project("{9A19103F-16F7-4668-BE54-9A1E7A4F7556}") = "ILBLI.UCore.ExceptionUnity", "Unities\Impls\ILBLI.UCore.ExceptionUnity\ILBLI.UCore.ExceptionUnity.csproj", "{F2281BFA-9748-49FB-BF1A-3BDBCD549701}"
EndProject
Project("{2150E333-8FDC-42A3-9474-1A3956D46DE8}") = "BasicModel", "BasicModel", "{F56A69A2-315E-4D6C-86F4-5DC609A8EE48}"
EndProject
Project("{2150E333-8FDC-42A3-9474-1A3956D46DE8}") = "BasicCommon", "BasicCommon", "{AA404004-77DA-431F-ADBF-492E7834E34A}"
EndProject
Project("{9A19103F-16F7-4668-BE54-9A1E7A4F7556}") = "ILBLI.UCore.BasicModel", "Basics\ILBLI.UCore.BasicModel\ILBLI.UCore.BasicModel.csproj", "{1FF23E42-083E-4B19-8D33-AC64E6CE5442}"
EndProject
Project("{2150E333-8FDC-42A3-9474-1A3956D46DE8}") = "Interfaces", "Interfaces", "{9B3F3E3C-015F-41C1-9FFC-810F2D5A1419}"
EndProject
Project("{2150E333-8FDC-42A3-9474-1A3956D46DE8}") = "Impls", "Impls", "{0C33E6C7-4A66-4E19-A680-C14BC55F014A}"
EndProject
Project("{9A19103F-16F7-4668-BE54-9A1E7A4F7556}") = "ILBLI.UCore.ILogService", "Services\Interfaces\ILBLI.UCore.ILogService\ILBLI.UCore.ILogService.csproj", "{0C67DF2D-2F16-4FF1-B225-EE1C42365DC6}"
EndProject
Project("{9A19103F-16F7-4668-BE54-9A1E7A4F7556}") = "ILBLI.UCore.LogService", "Services\Impls\ILBLI.UCore.LogService\ILBLI.UCore.LogService.csproj", "{DC1F684F-D7C3-496F-ADA8-06DC7645DBCE}"
EndProject
Project("{9A19103F-16F7-4668-BE54-9A1E7A4F7556}") = "ILBLI.UCore.IExceptionService", "Services\Interfaces\ILBLI.UCore.IExceptionService\ILBLI.UCore.IExceptionService.csproj", "{79C0996E-8FF0-4A7B-A469-CF21EFE33DFD}"
EndProject
Project("{2150E333-8FDC-42A3-9474-1A3956D46DE8}") = "UnitiyCore", "UnitiyCore", "{4D740A8F-1A13-4428-A4A9-8CF386EF47D6}"
EndProject
Project("{9A19103F-16F7-4668-BE54-9A1E7A4F7556}") = "ILBLI.UCore.UnityCore", "Unities\UnityCore\ILBLI.UCore.UnityCore.csproj", "{E3A65CC9-6F82-47E9-A959-046A5AC1B44B}"
EndProject
Project("{9A19103F-16F7-4668-BE54-9A1E7A4F7556}") = "ILBLI.UCore.ExceptionService", "Services\Impls\ILBLI.UCore.ExceptionService\ILBLI.UCore.ExceptionService.csproj", "{44980403-B813-473B-80C8-6C01E7C243E8}"
EndProject
Project("{9A19103F-16F7-4668-BE54-9A1E7A4F7556}") = "ILBLI.UCore.RestfulUnity", "Unities\Impls\ILBLI.UCore.RestfulUnity\ILBLI.UCore.RestfulUnity.csproj", "{5FAA62E5-4288-43DB-BCEB-493FC8B00E96}"
EndProject
Project("{9A19103F-16F7-4668-BE54-9A1E7A4F7556}") = "ILBLI.UCore.BasicCommon", "Basics\ILBLI.UCore.BasicCommon\ILBLI.UCore.BasicCommon.csproj", "{9BE7DC0A-6DB9-4EA8-96DC-8239D25FD864}"
EndProject
Project("{9A19103F-16F7-4668-BE54-9A1E7A4F7556}") = "ILBLI.UCore.IRestfulUnity", "Unities\Interfaces\ILBLI.UCore.IRestfulUnity\ILBLI.UCore.IRestfulUnity.csproj", "{B18255AE-E75F-4174-A9F7-05E96F613740}"
EndProject
Project("{2150E333-8FDC-42A3-9474-1A3956D46DE8}") = "Container", "Container", "{B7718B2A-600A-4107-A36F-77813A2B1BA4}"
EndProject
Project("{9A19103F-16F7-4668-BE54-9A1E7A4F7556}") = "ILBLI.UCore.Autofac", "Unities\Container\ILBLI.Autofac\ILBLI.UCore.Autofac.csproj", "{7A6E5EB2-8B30-47CE-B2B9-5769718FCFC0}"
EndProject
Global
	GlobalSection(SolutionConfigurationPlatforms) = preSolution
		Debug|Any CPU = Debug|Any CPU
		Release|Any CPU = Release|Any CPU
	EndGlobalSection
	GlobalSection(ProjectConfigurationPlatforms) = postSolution
		{95E53C3C-132D-4E35-83F8-6837B4B2B353}.Debug|Any CPU.ActiveCfg = Debug|Any CPU
		{95E53C3C-132D-4E35-83F8-6837B4B2B353}.Debug|Any CPU.Build.0 = Debug|Any CPU
		{95E53C3C-132D-4E35-83F8-6837B4B2B353}.Release|Any CPU.ActiveCfg = Release|Any CPU
		{95E53C3C-132D-4E35-83F8-6837B4B2B353}.Release|Any CPU.Build.0 = Release|Any CPU
		{E1BDA10C-B83D-42BD-B116-27E9FA0F6DDD}.Debug|Any CPU.ActiveCfg = Debug|Any CPU
		{E1BDA10C-B83D-42BD-B116-27E9FA0F6DDD}.Debug|Any CPU.Build.0 = Debug|Any CPU
		{E1BDA10C-B83D-42BD-B116-27E9FA0F6DDD}.Release|Any CPU.ActiveCfg = Release|Any CPU
		{E1BDA10C-B83D-42BD-B116-27E9FA0F6DDD}.Release|Any CPU.Build.0 = Release|Any CPU
		{A3A9B778-2E41-4EBD-8AB3-99F5A17F8581}.Debug|Any CPU.ActiveCfg = Debug|Any CPU
		{A3A9B778-2E41-4EBD-8AB3-99F5A17F8581}.Debug|Any CPU.Build.0 = Debug|Any CPU
		{A3A9B778-2E41-4EBD-8AB3-99F5A17F8581}.Release|Any CPU.ActiveCfg = Release|Any CPU
		{A3A9B778-2E41-4EBD-8AB3-99F5A17F8581}.Release|Any CPU.Build.0 = Release|Any CPU
		{91594223-3C4F-4F3A-B8FE-181D69534275}.Debug|Any CPU.ActiveCfg = Debug|Any CPU
		{91594223-3C4F-4F3A-B8FE-181D69534275}.Debug|Any CPU.Build.0 = Debug|Any CPU
		{91594223-3C4F-4F3A-B8FE-181D69534275}.Release|Any CPU.ActiveCfg = Release|Any CPU
		{91594223-3C4F-4F3A-B8FE-181D69534275}.Release|Any CPU.Build.0 = Release|Any CPU
		{F2281BFA-9748-49FB-BF1A-3BDBCD549701}.Debug|Any CPU.ActiveCfg = Debug|Any CPU
		{F2281BFA-9748-49FB-BF1A-3BDBCD549701}.Debug|Any CPU.Build.0 = Debug|Any CPU
		{F2281BFA-9748-49FB-BF1A-3BDBCD549701}.Release|Any CPU.ActiveCfg = Release|Any CPU
		{F2281BFA-9748-49FB-BF1A-3BDBCD549701}.Release|Any CPU.Build.0 = Release|Any CPU
		{1FF23E42-083E-4B19-8D33-AC64E6CE5442}.Debug|Any CPU.ActiveCfg = Debug|Any CPU
		{1FF23E42-083E-4B19-8D33-AC64E6CE5442}.Debug|Any CPU.Build.0 = Debug|Any CPU
		{1FF23E42-083E-4B19-8D33-AC64E6CE5442}.Release|Any CPU.ActiveCfg = Release|Any CPU
		{1FF23E42-083E-4B19-8D33-AC64E6CE5442}.Release|Any CPU.Build.0 = Release|Any CPU
		{0C67DF2D-2F16-4FF1-B225-EE1C42365DC6}.Debug|Any CPU.ActiveCfg = Debug|Any CPU
		{0C67DF2D-2F16-4FF1-B225-EE1C42365DC6}.Debug|Any CPU.Build.0 = Debug|Any CPU
		{0C67DF2D-2F16-4FF1-B225-EE1C42365DC6}.Release|Any CPU.ActiveCfg = Release|Any CPU
		{0C67DF2D-2F16-4FF1-B225-EE1C42365DC6}.Release|Any CPU.Build.0 = Release|Any CPU
		{DC1F684F-D7C3-496F-ADA8-06DC7645DBCE}.Debug|Any CPU.ActiveCfg = Debug|Any CPU
		{DC1F684F-D7C3-496F-ADA8-06DC7645DBCE}.Debug|Any CPU.Build.0 = Debug|Any CPU
		{DC1F684F-D7C3-496F-ADA8-06DC7645DBCE}.Release|Any CPU.ActiveCfg = Release|Any CPU
		{DC1F684F-D7C3-496F-ADA8-06DC7645DBCE}.Release|Any CPU.Build.0 = Release|Any CPU
		{79C0996E-8FF0-4A7B-A469-CF21EFE33DFD}.Debug|Any CPU.ActiveCfg = Debug|Any CPU
		{79C0996E-8FF0-4A7B-A469-CF21EFE33DFD}.Debug|Any CPU.Build.0 = Debug|Any CPU
		{79C0996E-8FF0-4A7B-A469-CF21EFE33DFD}.Release|Any CPU.ActiveCfg = Release|Any CPU
		{79C0996E-8FF0-4A7B-A469-CF21EFE33DFD}.Release|Any CPU.Build.0 = Release|Any CPU
		{E3A65CC9-6F82-47E9-A959-046A5AC1B44B}.Debug|Any CPU.ActiveCfg = Debug|Any CPU
		{E3A65CC9-6F82-47E9-A959-046A5AC1B44B}.Debug|Any CPU.Build.0 = Debug|Any CPU
		{E3A65CC9-6F82-47E9-A959-046A5AC1B44B}.Release|Any CPU.ActiveCfg = Release|Any CPU
		{E3A65CC9-6F82-47E9-A959-046A5AC1B44B}.Release|Any CPU.Build.0 = Release|Any CPU
		{44980403-B813-473B-80C8-6C01E7C243E8}.Debug|Any CPU.ActiveCfg = Debug|Any CPU
		{44980403-B813-473B-80C8-6C01E7C243E8}.Debug|Any CPU.Build.0 = Debug|Any CPU
		{44980403-B813-473B-80C8-6C01E7C243E8}.Release|Any CPU.ActiveCfg = Release|Any CPU
		{44980403-B813-473B-80C8-6C01E7C243E8}.Release|Any CPU.Build.0 = Release|Any CPU
		{5FAA62E5-4288-43DB-BCEB-493FC8B00E96}.Debug|Any CPU.ActiveCfg = Debug|Any CPU
		{5FAA62E5-4288-43DB-BCEB-493FC8B00E96}.Debug|Any CPU.Build.0 = Debug|Any CPU
		{5FAA62E5-4288-43DB-BCEB-493FC8B00E96}.Release|Any CPU.ActiveCfg = Release|Any CPU
		{5FAA62E5-4288-43DB-BCEB-493FC8B00E96}.Release|Any CPU.Build.0 = Release|Any CPU
		{9BE7DC0A-6DB9-4EA8-96DC-8239D25FD864}.Debug|Any CPU.ActiveCfg = Debug|Any CPU
		{9BE7DC0A-6DB9-4EA8-96DC-8239D25FD864}.Debug|Any CPU.Build.0 = Debug|Any CPU
		{9BE7DC0A-6DB9-4EA8-96DC-8239D25FD864}.Release|Any CPU.ActiveCfg = Release|Any CPU
		{9BE7DC0A-6DB9-4EA8-96DC-8239D25FD864}.Release|Any CPU.Build.0 = Release|Any CPU
		{B18255AE-E75F-4174-A9F7-05E96F613740}.Debug|Any CPU.ActiveCfg = Debug|Any CPU
		{B18255AE-E75F-4174-A9F7-05E96F613740}.Debug|Any CPU.Build.0 = Debug|Any CPU
		{B18255AE-E75F-4174-A9F7-05E96F613740}.Release|Any CPU.ActiveCfg = Release|Any CPU
		{B18255AE-E75F-4174-A9F7-05E96F613740}.Release|Any CPU.Build.0 = Release|Any CPU
		{7A6E5EB2-8B30-47CE-B2B9-5769718FCFC0}.Debug|Any CPU.ActiveCfg = Debug|Any CPU
		{7A6E5EB2-8B30-47CE-B2B9-5769718FCFC0}.Debug|Any CPU.Build.0 = Debug|Any CPU
		{7A6E5EB2-8B30-47CE-B2B9-5769718FCFC0}.Release|Any CPU.ActiveCfg = Release|Any CPU
		{7A6E5EB2-8B30-47CE-B2B9-5769718FCFC0}.Release|Any CPU.Build.0 = Release|Any CPU
	EndGlobalSection
	GlobalSection(SolutionProperties) = preSolution
		HideSolutionNode = FALSE
	EndGlobalSection
	GlobalSection(NestedProjects) = preSolution
		{E1BDA10C-B83D-42BD-B116-27E9FA0F6DDD} = {B6F24154-FA62-4419-A6E4-A2F55FCC7B1E}
		{0C2309B1-E49A-4556-9617-0F10C9225A82} = {72F8EC46-5331-4BEC-8518-2A9A47F2D15C}
		{B6F24154-FA62-4419-A6E4-A2F55FCC7B1E} = {72F8EC46-5331-4BEC-8518-2A9A47F2D15C}
		{A3A9B778-2E41-4EBD-8AB3-99F5A17F8581} = {0C2309B1-E49A-4556-9617-0F10C9225A82}
		{91594223-3C4F-4F3A-B8FE-181D69534275} = {B6F24154-FA62-4419-A6E4-A2F55FCC7B1E}
		{F2281BFA-9748-49FB-BF1A-3BDBCD549701} = {0C2309B1-E49A-4556-9617-0F10C9225A82}
		{F56A69A2-315E-4D6C-86F4-5DC609A8EE48} = {E9721180-B5D7-405E-8EE3-4BBFF3CBAF5F}
		{AA404004-77DA-431F-ADBF-492E7834E34A} = {E9721180-B5D7-405E-8EE3-4BBFF3CBAF5F}
		{1FF23E42-083E-4B19-8D33-AC64E6CE5442} = {F56A69A2-315E-4D6C-86F4-5DC609A8EE48}
		{9B3F3E3C-015F-41C1-9FFC-810F2D5A1419} = {0248FF5E-140F-45D7-9AB1-A0748EB18DE5}
		{0C33E6C7-4A66-4E19-A680-C14BC55F014A} = {0248FF5E-140F-45D7-9AB1-A0748EB18DE5}
		{0C67DF2D-2F16-4FF1-B225-EE1C42365DC6} = {9B3F3E3C-015F-41C1-9FFC-810F2D5A1419}
		{DC1F684F-D7C3-496F-ADA8-06DC7645DBCE} = {0C33E6C7-4A66-4E19-A680-C14BC55F014A}
		{79C0996E-8FF0-4A7B-A469-CF21EFE33DFD} = {9B3F3E3C-015F-41C1-9FFC-810F2D5A1419}
		{4D740A8F-1A13-4428-A4A9-8CF386EF47D6} = {72F8EC46-5331-4BEC-8518-2A9A47F2D15C}
		{E3A65CC9-6F82-47E9-A959-046A5AC1B44B} = {4D740A8F-1A13-4428-A4A9-8CF386EF47D6}
		{44980403-B813-473B-80C8-6C01E7C243E8} = {0C33E6C7-4A66-4E19-A680-C14BC55F014A}
		{5FAA62E5-4288-43DB-BCEB-493FC8B00E96} = {0C2309B1-E49A-4556-9617-0F10C9225A82}
		{9BE7DC0A-6DB9-4EA8-96DC-8239D25FD864} = {AA404004-77DA-431F-ADBF-492E7834E34A}
		{B18255AE-E75F-4174-A9F7-05E96F613740} = {B6F24154-FA62-4419-A6E4-A2F55FCC7B1E}
		{B7718B2A-600A-4107-A36F-77813A2B1BA4} = {72F8EC46-5331-4BEC-8518-2A9A47F2D15C}
		{7A6E5EB2-8B30-47CE-B2B9-5769718FCFC0} = {B7718B2A-600A-4107-A36F-77813A2B1BA4}
	EndGlobalSection
	GlobalSection(ExtensibilityGlobals) = postSolution
		SolutionGuid = {62FABF46-2D2D-4AF7-9DFB-C1F9F47658CD}
	EndGlobalSection
EndGlobal
